{
  "name": "parcel-example",
  "requires": true,
  "lockfileVersion": 1,
  "dependencies": {
    "@yllet/client": {
      "version": "2.0.0",
      "resolved": "https://registry.npmjs.org/@yllet/client/-/client-2.0.0.tgz",
      "integrity": "sha512-GE1EZT9k7fsx4M0P6cslJ5C4fKCfwWsaEuTME4vNLOAN1NaC1rvfb+3k8lCUxahLJaNEDp5jxMOGgL+8YBgVUg==",
      "requires": {
        "@yllet/support": "^2.0.0",
        "isomorphic-form-data": "^2.0.0"
      }
    },
    "@yllet/react": {
      "version": "2.1.0",
      "resolved": "https://registry.npmjs.org/@yllet/react/-/react-2.1.0.tgz",
      "integrity": "sha512-psmOjpwPYPweG/Ow/cflKWdz3U2ZPP1CGy7TgXWsaG3Z8PfUhnffigBhbn+r7KyFuFyQ8tbdA2guPkIH6E1ODQ==",
      "requires": {
        "@yllet/client": "^2.1.0",
        "invariant": "^2.2.4",
        "prop-types": "^15.7.2"
      },
      "dependencies": {
        "@yllet/client": {
          "version": "2.1.0",
          "resolved": "https://registry.npmjs.org/@yllet/client/-/client-2.1.0.tgz",
          "integrity": "sha512-9+aFp3YdWjbxyn75ZKZpfJLBlRa6fxv+xLHHGFFIzRaRbEeH9uiGxgxySEzIzpqO3sbd40tD8QjrBVe9HNNXvg==",
          "requires": {
            "@yllet/support": "^2.1.0",
            "isomorphic-form-data": "^2.0.0"
          }
        },
        "@yllet/support": {
          "version": "2.1.0",
          "resolved": "https://registry.npmjs.org/@yllet/support/-/support-2.1.0.tgz",
          "integrity": "sha512-83TZZNPKiXXmuLukZKK0GYczrxhlSz9gmJMyZzIvDMye0R7GF2AlDtseXKqDO7mkYRv9Ofc4ygDEpNXMRIf+7g=="
        }
      }
    },
    "@yllet/support": {
      "version": "2.0.0",
      "resolved": "https://registry.npmjs.org/@yllet/support/-/support-2.0.0.tgz",
      "integrity": "sha512-0BsrWHTH/kd1ReywrNDiPs8QJ3oNtdv3a0HbtwtszOv7+FEuguWxh9ysnQVieoW4j0Vbi8W1rnova5R8xZ1Wqg=="
    },
    "asynckit": {
      "version": "0.4.0",
      "resolved": "https://registry.npmjs.org/asynckit/-/asynckit-0.4.0.tgz",
      "integrity": "sha1-x57Zf380y48robyXkLzDZkdLS3k="
    },
    "combined-stream": {
      "version": "1.0.8",
      "resolved": "https://registry.npmjs.org/combined-stream/-/combined-stream-1.0.8.tgz",
      "integrity": "sha512-FQN4MRfuJeHf7cBbBMJFXhKSDq+2kAArBlmRBvcvFE5BB1HZKXtSFASDhdlz9zOYwxh8lDdnvmMOe/+5cdoEdg==",
      "requires": {
        "delayed-stream": "~1.0.0"
      }
    },
    "delayed-stream": {
      "version": "1.0.0",
      "resolved": "https://registry.npmjs.org/delayed-stream/-/delayed-stream-1.0.0.tgz",
      "integrity": "sha1-3zrhmayt+31ECqrgsp4icrJOxhk="
    },
    "form-data": {
      "version": "2.5.1",
      "resolved": "https://registry.npmjs.org/form-data/-/form-data-2.5.1.tgz",
      "integrity": "sha512-m21N3WOmEEURgk6B9GLOE4RuWOFf28Lhh9qGYeNlGq4VDXUlJy2th2slBNU8Gp8EzloYZOibZJ7t5ecIrFSjVA==",
      "requires": {
        "asynckit": "^0.4.0",
        "combined-stream": "^1.0.6",
        "mime-types": "^2.1.12"
      }
    },
    "invariant": {
      "version": "2.2.4",
      "resolved": "https://registry.npmjs.org/invariant/-/invariant-2.2.4.tgz",
      "integrity": "sha512-phJfQVBuaJM5raOpJjSfkiD6BpbCE4Ns//LaXl6wGYtUBY83nWS6Rf9tXm2e8VaK60JEjYldbPif/A2B1C2gNA==",
      "requires": {
        "loose-envify": "^1.0.0"
      }
    },
    "isomorphic-form-data": {
      "version": "2.0.0",
      "resolved": "https://registry.npmjs.org/isomorphic-form-data/-/isomorphic-form-data-2.0.0.tgz",
      "integrity": "sha512-TYgVnXWeESVmQSg4GLVbalmQ+B4NPi/H4eWxqALKj63KsUrcu301YDjBqaOw3h+cbak7Na4Xyps3BiptHtxTfg==",
      "requires": {
        "form-data": "^2.3.2"
      }
    },
    "js-tokens": {
      "version": "4.0.0",
      "resolved": "https://registry.npmjs.org/js-tokens/-/js-tokens-4.0.0.tgz",
      "integrity": "sha512-RdJUflcE3cUzKiMqQgsCu06FPu9UdIJO0beYbPhHN4k6apgJtifcoCtT9bcxOpYBtpD2kCM6Sbzg4CausW/PKQ=="
    },
    "loose-envify": {
      "version": "1.4.0",
      "resolved": "https://registry.npmjs.org/loose-envify/-/loose-envify-1.4.0.tgz",
      "integrity": "sha512-lyuxPGr/Wfhrlem2CL/UcnUc1zcqKAImBDzukY7Y5F/yQiNdko6+fRLevlw1HgMySw7f611UIY408EtxRSoK3Q==",
      "requires": {
        "js-tokens": "^3.0.0 || ^4.0.0"
      }
    },
    "mime-db": {
      "version": "1.42.0",
      "resolved": "https://registry.npmjs.org/mime-db/-/mime-db-1.42.0.tgz",
      "integrity": "sha512-UbfJCR4UAVRNgMpfImz05smAXK7+c+ZntjaA26ANtkXLlOe947Aag5zdIcKQULAiF9Cq4WxBi9jUs5zkA84bYQ=="
    },
    "mime-types": {
      "version": "2.1.25",
      "resolved": "https://registry.npmjs.org/mime-types/-/mime-types-2.1.25.tgz",
      "integrity": "sha512-5KhStqB5xpTAeGqKBAMgwaYMnQik7teQN4IAzC7npDv6kzeU6prfkR67bc87J1kWMPGkoaZSq1npmexMgkmEVg==",
      "requires": {
        "mime-db": "1.42.0"
      }
    },
    "object-assign": {
      "version": "4.1.1",
      "resolved": "https://registry.npmjs.org/object-assign/-/object-assign-4.1.1.tgz",
      "integrity": "sha1-IQmtx5ZYh8/AXLvUQsrIv7s2CGM="
    },
    "prop-types": {
      "version": "15.7.2",
      "resolved": "https://registry.npmjs.org/prop-types/-/prop-types-15.7.2.tgz",
      "integrity": "sha512-8QQikdH7//R2vurIJSutZ1smHYTcLpRWEOlHnzcWHmBYrOGUysKwSsrC89BCiFj3CbrfJ/nXFdJepOVrY1GCHQ==",
      "requires": {
        "loose-envify": "^1.4.0",
        "object-assign": "^4.1.1",
        "react-is": "^16.8.1"
      }
    },
    "react-is": {
      "version": "16.12.0",
      "resolved": "https://registry.npmjs.org/react-is/-/react-is-16.12.0.tgz",
      "integrity": "sha512-rPCkf/mWBtKc97aLL9/txD8DZdemK0vkA3JMLShjlJB3Pj3s+lpf1KaBzMfQrAmhMQB0n1cU/SUGgKKBCe837Q=="
    }
  }
}
