{
	"name": "yllet",
	"version": "1.0.0",
	"lockfileVersion": 1,
	"requires": true,
	"dependencies": {
		"axios": {
			"version": "0.17.1",
			"resolved": "https://registry.npmjs.org/axios/-/axios-0.17.1.tgz",
			"integrity": "sha1-LY4+XQvb1zJ/kbyBT1xXZg+Bgk0=",
			"requires": {
				"follow-redirects": "1.4.1",
				"is-buffer": "1.1.6"
			}
		},
		"debug": {
			"version": "3.1.0",
			"resolved": "https://registry.npmjs.org/debug/-/debug-3.1.0.tgz",
			"integrity": "sha512-OX8XqP7/1a9cqkxYw2yXss15f26NKWBpDXQd0/uK/KPqdQhxbPa994hnzjcE2VqQpDslf55723cKPUOGSmMY3g==",
			"requires": {
				"ms": "2.0.0"
			}
		},
		"follow-redirects": {
			"version": "1.4.1",
			"resolved": "https://registry.npmjs.org/follow-redirects/-/follow-redirects-1.4.1.tgz",
			"integrity": "sha512-uxYePVPogtya1ktGnAAXOacnbIuRMB4dkvqeNz2qTtTQsuzSfbDolV+wMMKxAmCx0bLgAKLbBOkjItMbbkR1vg==",
			"requires": {
				"debug": "3.1.0"
			}
		},
		"is-buffer": {
			"version": "1.1.6",
			"resolved": "https://registry.npmjs.org/is-buffer/-/is-buffer-1.1.6.tgz",
			"integrity": "sha512-NcdALwpXkTm5Zvvbk7owOUSvVvBKDgKP5/ewfXEznmQFfs4ZRmanOeKBTjRVjka3QFoN6XJ+9F3USqfHqTaU5w=="
		},
		"moxios": {
			"version": "0.4.0",
			"resolved": "https://registry.npmjs.org/moxios/-/moxios-0.4.0.tgz",
			"integrity": "sha1-/A2ixlR31yXKa5Z51YNw7QxS9Ts=",
			"dev": true
		},
		"ms": {
			"version": "2.0.0",
			"resolved": "https://registry.npmjs.org/ms/-/ms-2.0.0.tgz",
			"integrity": "sha1-VgiurfwAvmwpAd9fmGF4jeDVl8g="
		},
		"qs": {
			"version": "6.5.1",
			"resolved": "https://registry.npmjs.org/qs/-/qs-6.5.1.tgz",
			"integrity": "sha512-eRzhrN1WSINYCDCbrz796z37LOe3m5tmW7RQf6oBntukAG1nmovJvhnwHHRMAfeoItc1m2Hk02WER2aQ/iqs+A=="
		},
		"to-no-case": {
			"version": "1.0.2",
			"resolved": "https://registry.npmjs.org/to-no-case/-/to-no-case-1.0.2.tgz",
			"integrity": "sha1-xyKQcWTvaxeBMsjmmTAhLRtKoWo="
		},
		"to-snake-case": {
			"version": "1.0.0",
			"resolved": "https://registry.npmjs.org/to-snake-case/-/to-snake-case-1.0.0.tgz",
			"integrity": "sha1-znRpE4l5RgGah+Yu366upMYIq4w=",
			"requires": {
				"to-space-case": "1.0.0"
			}
		},
		"to-space-case": {
			"version": "1.0.0",
			"resolved": "https://registry.npmjs.org/to-space-case/-/to-space-case-1.0.0.tgz",
			"integrity": "sha1-sFLar7Gysp3HcM6gFj5ewOvJ/Bc=",
			"requires": {
				"to-no-case": "1.0.2"
			}
		},
		"url-join": {
			"version": "4.0.0",
			"resolved": "https://registry.npmjs.org/url-join/-/url-join-4.0.0.tgz",
			"integrity": "sha1-TTNA6AfTdzvamZH4MFrNzCpmXSo="
		}
	}
}
